
Microsoft Visual Studio Solution File, Format Version 12.00
# Visual Studio Version 17
VisualStudioVersion = 17.5.002.0
MinimumVisualStudioVersion = 10.0.40219.1
Project("{9A19103F-16F7-4668-BE54-9A1E7A4F7556}") = "app01", "app01.csproj", "{B13720A5-F561-4E81-8E05-8F70E4373823}"
EndProject
Global
	GlobalSection(SolutionConfigurationPlatforms) = preSolution
		Debug|Any CPU = Debug|Any CPU
		Release|Any CPU = Release|Any CPU
	EndGlobalSection
	GlobalSection(ProjectConfigurationPlatforms) = postSolution
		{B13720A5-F561-4E81-8E05-8F70E4373823}.Debug|Any CPU.ActiveCfg = Debug|Any CPU
		{B13720A5-F561-4E81-8E05-8F70E4373823}.Debug|Any CPU.Build.0 = Debug|Any CPU
		{B13720A5-F561-4E81-8E05-8F70E4373823}.Release|Any CPU.ActiveCfg = Release|Any CPU
		{B13720A5-F561-4E81-8E05-8F70E4373823}.Release|Any CPU.Build.0 = Release|Any CPU
	EndGlobalSection
	GlobalSection(SolutionProperties) = preSolution
		HideSolutionNode = FALSE
	EndGlobalSection
	GlobalSection(ExtensibilityGlobals) = postSolution
		SolutionGuid = {B3436D1D-7E58-4DA5-AE70-4B993F7B0FCF}
	EndGlobalSection
EndGlobal
